
Microsoft Visual Studio Solution File, Format Version 12.00
# Visual Studio Version 17
VisualStudioVersion = 17.0.31903.59
MinimumVisualStudioVersion = 10.0.40219.1
Project("{FAE04EC0-301F-11D3-BF4B-00C04F79EFBC}") = "WindowsFormsApp2", "WindowsFormsApp2\WindowsFormsApp2.csproj", "{0166B4C3-5B32-460C-9690-93EB11D1BE41}"
EndProject
Global
	GlobalSection(SolutionConfigurationPlatforms) = preSolution
		Debug|Any CPU = Debug|Any CPU
		Release|Any CPU = Release|Any CPU
	EndGlobalSection
	GlobalSection(ProjectConfigurationPlatforms) = postSolution
		{0166B4C3-5B32-460C-9690-93EB11D1BE41}.Debug|Any CPU.ActiveCfg = Debug|Any CPU
		{0166B4C3-5B32-460C-9690-93EB11D1BE41}.Debug|Any CPU.Build.0 = Debug|Any CPU
		{0166B4C3-5B32-460C-9690-93EB11D1BE41}.Release|Any CPU.ActiveCfg = Release|Any CPU
		{0166B4C3-5B32-460C-9690-93EB11D1BE41}.Release|Any CPU.Build.0 = Release|Any CPU
	EndGlobalSection
	GlobalSection(SolutionProperties) = preSolution
		HideSolutionNode = FALSE
	EndGlobalSection
	GlobalSection(ExtensibilityGlobals) = postSolution
		SolutionGuid = {65F1D458-0972-484D-86B1-48E6AF845AB2}
	EndGlobalSection
EndGlobal
